// !$*UTF8*$!
{
	archiveVersion = 1;
	classes = {
	};
	objectVersion = 46;
	objects = {

/* Begin PBXBuildFile section */
		178385071F5837E000D16729 /* AppDelegate.swift in Sources */ = {isa = PBXBuildFile; fileRef = 178385061F5837E000D16729 /* AppDelegate.swift */; };
		178385091F5837E000D16729 /* GameScene.sks in Resources */ = {isa = PBXBuildFile; fileRef = 178385081F5837E000D16729 /* GameScene.sks */; };
		1783850D1F5837E000D16729 /* GameScene.swift in Sources */ = {isa = PBXBuildFile; fileRef = 1783850C1F5837E000D16729 /* GameScene.swift */; };
		1783850F1F5837E000D16729 /* GameViewController.swift in Sources */ = {isa = PBXBuildFile; fileRef = 1783850E1F5837E000D16729 /* GameViewController.swift */; };
		178385121F5837E000D16729 /* Main.storyboard in Resources */ = {isa = PBXBuildFile; fileRef = 178385101F5837E000D16729 /* Main.storyboard */; };
		178385141F5837E000D16729 /* Assets.xcassets in Resources */ = {isa = PBXBuildFile; fileRef = 178385131F5837E000D16729 /* Assets.xcassets */; };
		178385171F5837E000D16729 /* LaunchScreen.storyboard in Resources */ = {isa = PBXBuildFile; fileRef = 178385151F5837E000D16729 /* LaunchScreen.storyboard */; };
		178385221F5837E100D16729 /* DumbleTests.swift in Sources */ = {isa = PBXBuildFile; fileRef = 178385211F5837E100D16729 /* DumbleTests.swift */; };
		1783852D1F5837E100D16729 /* DumbleUITests.swift in Sources */ = {isa = PBXBuildFile; fileRef = 1783852C1F5837E100D16729 /* DumbleUITests.swift */; };
		6D71AEFD20873962007F6B25 /* GameSceneTurn.swift in Sources */ = {isa = PBXBuildFile; fileRef = 6D71AEFC20873962007F6B25 /* GameSceneTurn.swift */; };
		6DA0F5172084CA770085B499 /* Utils.swift in Sources */ = {isa = PBXBuildFile; fileRef = 6DA0F5162084CA770085B499 /* Utils.swift */; };
		6DA0F5192084E0AA0085B499 /* GameScenePlayer.swift in Sources */ = {isa = PBXBuildFile; fileRef = 6DA0F5182084E0AA0085B499 /* GameScenePlayer.swift */; };
		6DA0F51B2084E2FC0085B499 /* GameSceneIA.swift in Sources */ = {isa = PBXBuildFile; fileRef = 6DA0F51A2084E2FC0085B499 /* GameSceneIA.swift */; };
		6DA0F51D2084E3660085B499 /* GameSceneCards.swift in Sources */ = {isa = PBXBuildFile; fileRef = 6DA0F51C2084E3660085B499 /* GameSceneCards.swift */; };
		6DA279A52082BA3B00E751A4 /* Card.swift in Sources */ = {isa = PBXBuildFile; fileRef = 6DA279A42082BA3B00E751A4 /* Card.swift */; };
		6DA279A72082C31800E751A4 /* Player.swift in Sources */ = {isa = PBXBuildFile; fileRef = 6DA279A62082C31800E751A4 /* Player.swift */; };
/* End PBXBuildFile section */

/* Begin PBXContainerItemProxy section */
		1783851E1F5837E100D16729 /* PBXContainerItemProxy */ = {
			isa = PBXContainerItemProxy;
			containerPortal = 178384FB1F5837E000D16729 /* Project object */;
			proxyType = 1;
			remoteGlobalIDString = 178385021F5837E000D16729;
			remoteInfo = Dumble;
		};
		178385291F5837E100D16729 /* PBXContainerItemProxy */ = {
			isa = PBXContainerItemProxy;
			containerPortal = 178384FB1F5837E000D16729 /* Project object */;
			proxyType = 1;
			remoteGlobalIDString = 178385021F5837E000D16729;
			remoteInfo = Dumble;
		};
/* End PBXContainerItemProxy section */

/* Begin PBXFileReference section */
		178385031F5837E000D16729 /* Dumble.app */ = {isa = PBXFileReference; explicitFileType = wrapper.application; includeInIndex = 0; path = Dumble.app; sourceTree = BUILT_PRODUCTS_DIR; };
		178385061F5837E000D16729 /* AppDelegate.swift */ = {isa = PBXFileReference; lastKnownFileType = sourcecode.swift; path = AppDelegate.swift; sourceTree = "<group>"; };
		178385081F5837E000D16729 /* GameScene.sks */ = {isa = PBXFileReference; lastKnownFileType = file.sks; path = GameScene.sks; sourceTree = "<group>"; };
		1783850C1F5837E000D16729 /* GameScene.swift */ = {isa = PBXFileReference; lastKnownFileType = sourcecode.swift; path = GameScene.swift; sourceTree = "<group>"; };
		1783850E1F5837E000D16729 /* GameViewController.swift */ = {isa = PBXFileReference; lastKnownFileType = sourcecode.swift; path = GameViewController.swift; sourceTree = "<group>"; };
		178385111F5837E000D16729 /* Base */ = {isa = PBXFileReference; lastKnownFileType = file.storyboard; name = Base; path = Base.lproj/Main.storyboard; sourceTree = "<group>"; };
		178385131F5837E000D16729 /* Assets.xcassets */ = {isa = PBXFileReference; lastKnownFileType = folder.assetcatalog; path = Assets.xcassets; sourceTree = "<group>"; };
		178385161F5837E000D16729 /* Base */ = {isa = PBXFileReference; lastKnownFileType = file.storyboard; name = Base; path = Base.lproj/LaunchScreen.storyboard; sourceTree = "<group>"; };
		178385181F5837E000D16729 /* Info.plist */ = {isa = PBXFileReference; lastKnownFileType = text.plist.xml; path = Info.plist; sourceTree = "<group>"; };
		1783851D1F5837E100D16729 /* DumbleTests.xctest */ = {isa = PBXFileReference; explicitFileType = wrapper.cfbundle; includeInIndex = 0; path = DumbleTests.xctest; sourceTree = BUILT_PRODUCTS_DIR; };
		178385211F5837E100D16729 /* DumbleTests.swift */ = {isa = PBXFileReference; lastKnownFileType = sourcecode.swift; path = DumbleTests.swift; sourceTree = "<group>"; };
		178385231F5837E100D16729 /* Info.plist */ = {isa = PBXFileReference; lastKnownFileType = text.plist.xml; path = Info.plist; sourceTree = "<group>"; };
		178385281F5837E100D16729 /* DumbleUITests.xctest */ = {isa = PBXFileReference; explicitFileType = wrapper.cfbundle; includeInIndex = 0; path = DumbleUITests.xctest; sourceTree = BUILT_PRODUCTS_DIR; };
		1783852C1F5837E100D16729 /* DumbleUITests.swift */ = {isa = PBXFileReference; lastKnownFileType = sourcecode.swift; path = DumbleUITests.swift; sourceTree = "<group>"; };
		1783852E1F5837E100D16729 /* Info.plist */ = {isa = PBXFileReference; lastKnownFileType = text.plist.xml; path = Info.plist; sourceTree = "<group>"; };
		6D71AEFC20873962007F6B25 /* GameSceneTurn.swift */ = {isa = PBXFileReference; lastKnownFileType = sourcecode.swift; path = GameSceneTurn.swift; sourceTree = "<group>"; };
		6DA0F5162084CA770085B499 /* Utils.swift */ = {isa = PBXFileReference; lastKnownFileType = sourcecode.swift; path = Utils.swift; sourceTree = "<group>"; };
		6DA0F5182084E0AA0085B499 /* GameScenePlayer.swift */ = {isa = PBXFileReference; lastKnownFileType = sourcecode.swift; path = GameScenePlayer.swift; sourceTree = "<group>"; };
		6DA0F51A2084E2FC0085B499 /* GameSceneIA.swift */ = {isa = PBXFileReference; lastKnownFileType = sourcecode.swift; path = GameSceneIA.swift; sourceTree = "<group>"; };
		6DA0F51C2084E3660085B499 /* GameSceneCards.swift */ = {isa = PBXFileReference; lastKnownFileType = sourcecode.swift; path = GameSceneCards.swift; sourceTree = "<group>"; };
		6DA279A42082BA3B00E751A4 /* Card.swift */ = {isa = PBXFileReference; lastKnownFileType = sourcecode.swift; path = Card.swift; sourceTree = "<group>"; };
		6DA279A62082C31800E751A4 /* Player.swift */ = {isa = PBXFileReference; lastKnownFileType = sourcecode.swift; path = Player.swift; sourceTree = "<group>"; };
/* End PBXFileReference section */

/* Begin PBXFrameworksBuildPhase section */
		178385001F5837E000D16729 /* Frameworks */ = {
			isa = PBXFrameworksBuildPhase;
			buildActionMask = 2147483647;
			files = (
			);
			runOnlyForDeploymentPostprocessing = 0;
		};
		1783851A1F5837E100D16729 /* Frameworks */ = {
			isa = PBXFrameworksBuildPhase;
			buildActionMask = 2147483647;
			files = (
			);
			runOnlyForDeploymentPostprocessing = 0;
		};
		178385251F5837E100D16729 /* Frameworks */ = {
			isa = PBXFrameworksBuildPhase;
			buildActionMask = 2147483647;
			files = (
			);
			runOnlyForDeploymentPostprocessing = 0;
		};
/* End PBXFrameworksBuildPhase section */

/* Begin PBXGroup section */
		178384FA1F5837E000D16729 = {
			isa = PBXGroup;
			children = (
				178385051F5837E000D16729 /* Dumble */,
				178385201F5837E100D16729 /* DumbleTests */,
				1783852B1F5837E100D16729 /* DumbleUITests */,
				178385041F5837E000D16729 /* Products */,
			);
			sourceTree = "<group>";
		};
		178385041F5837E000D16729 /* Products */ = {
			isa = PBXGroup;
			children = (
				178385031F5837E000D16729 /* Dumble.app */,
				1783851D1F5837E100D16729 /* DumbleTests.xctest */,
				178385281F5837E100D16729 /* DumbleUITests.xctest */,
			);
			name = Products;
			sourceTree = "<group>";
		};
		178385051F5837E000D16729 /* Dumble */ = {
			isa = PBXGroup;
			children = (
				178385081F5837E000D16729 /* GameScene.sks */,
				178385061F5837E000D16729 /* AppDelegate.swift */,
				1783850C1F5837E000D16729 /* GameScene.swift */,
				6D71AEFC20873962007F6B25 /* GameSceneTurn.swift */,
				6DA0F5182084E0AA0085B499 /* GameScenePlayer.swift */,
				6DA0F51A2084E2FC0085B499 /* GameSceneIA.swift */,
				6DA0F51C2084E3660085B499 /* GameSceneCards.swift */,
				1783850E1F5837E000D16729 /* GameViewController.swift */,
				178385101F5837E000D16729 /* Main.storyboard */,
				178385131F5837E000D16729 /* Assets.xcassets */,
				178385151F5837E000D16729 /* LaunchScreen.storyboard */,
				178385181F5837E000D16729 /* Info.plist */,
				6DA279A42082BA3B00E751A4 /* Card.swift */,
				6DA279A62082C31800E751A4 /* Player.swift */,
				6DA0F5162084CA770085B499 /* Utils.swift */,
			);
			path = Dumble;
			sourceTree = "<group>";
		};
		178385201F5837E100D16729 /* DumbleTests */ = {
			isa = PBXGroup;
			children = (
				178385211F5837E100D16729 /* DumbleTests.swift */,
				178385231F5837E100D16729 /* Info.plist */,
			);
			path = DumbleTests;
			sourceTree = "<group>";
		};
		1783852B1F5837E100D16729 /* DumbleUITests */ = {
			isa = PBXGroup;
			children = (
				1783852C1F5837E100D16729 /* DumbleUITests.swift */,
				1783852E1F5837E100D16729 /* Info.plist */,
			);
			path = DumbleUITests;
			sourceTree = "<group>";
		};
/* End PBXGroup section */

/* Begin PBXNativeTarget section */
		178385021F5837E000D16729 /* Dumble */ = {
			isa = PBXNativeTarget;
			buildConfigurationList = 178385311F5837E100D16729 /* Build configuration list for PBXNativeTarget "Dumble" */;
			buildPhases = (
				178384FF1F5837E000D16729 /* Sources */,
				178385001F5837E000D16729 /* Frameworks */,
				178385011F5837E000D16729 /* Resources */,
			);
			buildRules = (
			);
			dependencies = (
			);
			name = Dumble;
			productName = Dumble;
			productReference = 178385031F5837E000D16729 /* Dumble.app */;
			productType = "com.apple.product-type.application";
		};
		1783851C1F5837E100D16729 /* DumbleTests */ = {
			isa = PBXNativeTarget;
			buildConfigurationList = 178385341F5837E100D16729 /* Build configuration list for PBXNativeTarget "DumbleTests" */;
			buildPhases = (
				178385191F5837E100D16729 /* Sources */,
				1783851A1F5837E100D16729 /* Frameworks */,
				1783851B1F5837E100D16729 /* Resources */,
			);
			buildRules = (
			);
			dependencies = (
				1783851F1F5837E100D16729 /* PBXTargetDependency */,
			);
			name = DumbleTests;
			productName = DumbleTests;
			productReference = 1783851D1F5837E100D16729 /* DumbleTests.xctest */;
			productType = "com.apple.product-type.bundle.unit-test";
		};
		178385271F5837E100D16729 /* DumbleUITests */ = {
			isa = PBXNativeTarget;
			buildConfigurationList = 178385371F5837E100D16729 /* Build configuration list for PBXNativeTarget "DumbleUITests" */;
			buildPhases = (
				178385241F5837E100D16729 /* Sources */,
				178385251F5837E100D16729 /* Frameworks */,
				178385261F5837E100D16729 /* Resources */,
			);
			buildRules = (
			);
			dependencies = (
				1783852A1F5837E100D16729 /* PBXTargetDependency */,
			);
			name = DumbleUITests;
			productName = DumbleUITests;
			productReference = 178385281F5837E100D16729 /* DumbleUITests.xctest */;
			productType = "com.apple.product-type.bundle.ui-testing";
		};
/* End PBXNativeTarget section */

/* Begin PBXProject section */
		178384FB1F5837E000D16729 /* Project object */ = {
			isa = PBXProject;
			attributes = {
				LastSwiftUpdateCheck = 0830;
				LastUpgradeCheck = 0930;
				ORGANIZATIONNAME = "Florian Sorin";
				TargetAttributes = {
					178385021F5837E000D16729 = {
						CreatedOnToolsVersion = 8.3.3;
						DevelopmentTeam = 63Y3TYQDLZ;
						LastSwiftMigration = 0930;
						ProvisioningStyle = Automatic;
					};
					1783851C1F5837E100D16729 = {
						CreatedOnToolsVersion = 8.3.3;
						DevelopmentTeam = 63Y3TYQDLZ;
						LastSwiftMigration = 0930;
						ProvisioningStyle = Automatic;
						TestTargetID = 178385021F5837E000D16729;
					};
					178385271F5837E100D16729 = {
						CreatedOnToolsVersion = 8.3.3;
						DevelopmentTeam = 63Y3TYQDLZ;
						LastSwiftMigration = 0930;
						ProvisioningStyle = Automatic;
						TestTargetID = 178385021F5837E000D16729;
					};
				};
			};
			buildConfigurationList = 178384FE1F5837E000D16729 /* Build configuration list for PBXProject "Dumble" */;
			compatibilityVersion = "Xcode 3.2";
			developmentRegion = English;
			hasScannedForEncodings = 0;
			knownRegions = (
				en,
				Base,
			);
			mainGroup = 178384FA1F5837E000D16729;
			productRefGroup = 178385041F5837E000D16729 /* Products */;
			projectDirPath = "";
			projectRoot = "";
			targets = (
				178385021F5837E000D16729 /* Dumble */,
				1783851C1F5837E100D16729 /* DumbleTests */,
				178385271F5837E100D16729 /* DumbleUITests */,
			);
		};
/* End PBXProject section */

/* Begin PBXResourcesBuildPhase section */
		178385011F5837E000D16729 /* Resources */ = {
			isa = PBXResourcesBuildPhase;
			buildActionMask = 2147483647;
			files = (
				178385121F5837E000D16729 /* Main.storyboard in Resources */,
				178385091F5837E000D16729 /* GameScene.sks in Resources */,
				178385141F5837E000D16729 /* Assets.xcassets in Resources */,
				178385171F5837E000D16729 /* LaunchScreen.storyboard in Resources */,
			);
			runOnlyForDeploymentPostprocessing = 0;
		};
		1783851B1F5837E100D16729 /* Resources */ = {
			isa = PBXResourcesBuildPhase;
			buildActionMask = 2147483647;
			files = (
			);
			runOnlyForDeploymentPostprocessing = 0;
		};
		178385261F5837E100D16729 /* Resources */ = {
			isa = PBXResourcesBuildPhase;
			buildActionMask = 2147483647;
			files = (
			);
			runOnlyForDeploymentPostprocessing = 0;
		};
/* End PBXResourcesBuildPhase section */

/* Begin PBXSourcesBuildPhase section */
		178384FF1F5837E000D16729 /* Sources */ = {
			isa = PBXSourcesBuildPhase;
			buildActionMask = 2147483647;
			files = (
				1783850D1F5837E000D16729 /* GameScene.swift in Sources */,
				1783850F1F5837E000D16729 /* GameViewController.swift in Sources */,
				6DA0F5192084E0AA0085B499 /* GameScenePlayer.swift in Sources */,
				178385071F5837E000D16729 /* AppDelegate.swift in Sources */,
				6DA279A72082C31800E751A4 /* Player.swift in Sources */,
				6DA279A52082BA3B00E751A4 /* Card.swift in Sources */,
				6DA0F51B2084E2FC0085B499 /* GameSceneIA.swift in Sources */,
				6D71AEFD20873962007F6B25 /* GameSceneTurn.swift in Sources */,
				6DA0F51D2084E3660085B499 /* GameSceneCards.swift in Sources */,
				6DA0F5172084CA770085B499 /* Utils.swift in Sources */,
			);
			runOnlyForDeploymentPostprocessing = 0;
		};
		178385191F5837E100D16729 /* Sources */ = {
			isa = PBXSourcesBuildPhase;
			buildActionMask = 2147483647;
			files = (
				178385221F5837E100D16729 /* DumbleTests.swift in Sources */,
			);
			runOnlyForDeploymentPostprocessing = 0;
		};
		178385241F5837E100D16729 /* Sources */ = {
			isa = PBXSourcesBuildPhase;
			buildActionMask = 2147483647;
			files = (
				1783852D1F5837E100D16729 /* DumbleUITests.swift in Sources */,
			);
			runOnlyForDeploymentPostprocessing = 0;
		};
/* End PBXSourcesBuildPhase section */

/* Begin PBXTargetDependency section */
		1783851F1F5837E100D16729 /* PBXTargetDependency */ = {
			isa = PBXTargetDependency;
			target = 178385021F5837E000D16729 /* Dumble */;
			targetProxy = 1783851E1F5837E100D16729 /* PBXContainerItemProxy */;
		};
		1783852A1F5837E100D16729 /* PBXTargetDependency */ = {
			isa = PBXTargetDependency;
			target = 178385021F5837E000D16729 /* Dumble */;
			targetProxy = 178385291F5837E100D16729 /* PBXContainerItemProxy */;
		};
/* End PBXTargetDependency section */

/* Begin PBXVariantGroup section */
		178385101F5837E000D16729 /* Main.storyboard */ = {
			isa = PBXVariantGroup;
			children = (
				178385111F5837E000D16729 /* Base */,
			);
			name = Main.storyboard;
			sourceTree = "<group>";
		};
		178385151F5837E000D16729 /* LaunchScreen.storyboard */ = {
			isa = PBXVariantGroup;
			children = (
				178385161F5837E000D16729 /* Base */,
			);
			name = LaunchScreen.storyboard;
			sourceTree = "<group>";
		};
/* End PBXVariantGroup section */

/* Begin XCBuildConfiguration section */
		1783852F1F5837E100D16729 /* Debug */ = {
			isa = XCBuildConfiguration;
			buildSettings = {
				ALWAYS_SEARCH_USER_PATHS = NO;
				CLANG_ANALYZER_NONNULL = YES;
				CLANG_ANALYZER_NUMBER_OBJECT_CONVERSION = YES_AGGRESSIVE;
				CLANG_CXX_LANGUAGE_STANDARD = "gnu++0x";
				CLANG_CXX_LIBRARY = "libc++";
				CLANG_ENABLE_MODULES = YES;
				CLANG_ENABLE_OBJC_ARC = YES;
				CLANG_WARN_BLOCK_CAPTURE_AUTORELEASING = YES;
				CLANG_WARN_BOOL_CONVERSION = YES;
				CLANG_WARN_COMMA = YES;
				CLANG_WARN_CONSTANT_CONVERSION = YES;
				CLANG_WARN_DEPRECATED_OBJC_IMPLEMENTATIONS = YES;
				CLANG_WARN_DIRECT_OBJC_ISA_USAGE = YES_ERROR;
				CLANG_WARN_DOCUMENTATION_COMMENTS = YES;
				CLANG_WARN_EMPTY_BODY = YES;
				CLANG_WARN_ENUM_CONVERSION = YES;
				CLANG_WARN_INFINITE_RECURSION = YES;
				CLANG_WARN_INT_CONVERSION = YES;
				CLANG_WARN_NON_LITERAL_NULL_CONVERSION = YES;
				CLANG_WARN_OBJC_IMPLICIT_RETAIN_SELF = YES;
				CLANG_WARN_OBJC_LITERAL_CONVERSION = YES;
				CLANG_WARN_OBJC_ROOT_CLASS = YES_ERROR;
				CLANG_WARN_RANGE_LOOP_ANALYSIS = YES;
				CLANG_WARN_STRICT_PROTOTYPES = YES;
				CLANG_WARN_SUSPICIOUS_MOVE = YES;
				CLANG_WARN_UNREACHABLE_CODE = YES;
				CLANG_WARN__DUPLICATE_METHOD_MATCH = YES;
				"CODE_SIGN_IDENTITY[sdk=iphoneos*]" = "iPhone Developer";
				COPY_PHASE_STRIP = NO;
				DEBUG_INFORMATION_FORMAT = dwarf;
				ENABLE_STRICT_OBJC_MSGSEND = YES;
				ENABLE_TESTABILITY = YES;
				GCC_C_LANGUAGE_STANDARD = gnu99;
				GCC_DYNAMIC_NO_PIC = NO;
				GCC_NO_COMMON_BLOCKS = YES;
				GCC_OPTIMIZATION_LEVEL = 0;
				GCC_PREPROCESSOR_DEFINITIONS = (
					"DEBUG=1",
					"$(inherited)",
				);
				GCC_WARN_64_TO_32_BIT_CONVERSION = YES;
				GCC_WARN_ABOUT_RETURN_TYPE = YES_ERROR;
				GCC_WARN_UNDECLARED_SELECTOR = YES;
				GCC_WARN_UNINITIALIZED_AUTOS = YES_AGGRESSIVE;
				GCC_WARN_UNUSED_FUNCTION = YES;
				GCC_WARN_UNUSED_VARIABLE = YES;
				IPHONEOS_DEPLOYMENT_TARGET = 10.3;
				MTL_ENABLE_DEBUG_INFO = YES;
				ONLY_ACTIVE_ARCH = YES;
				SDKROOT = iphoneos;
				SWIFT_ACTIVE_COMPILATION_CONDITIONS = DEBUG;
				SWIFT_OPTIMIZATION_LEVEL = "-Onone";
			};
			name = Debug;
		};
		178385301F5837E100D16729 /* Release */ = {
			isa = XCBuildConfiguration;
			buildSettings = {
				ALWAYS_SEARCH_USER_PATHS = NO;
				CLANG_ANALYZER_NONNULL = YES;
				CLANG_ANALYZER_NUMBER_OBJECT_CONVERSION = YES_AGGRESSIVE;
				CLANG_CXX_LANGUAGE_STANDARD = "gnu++0x";
				CLANG_CXX_LIBRARY = "libc++";
				CLANG_ENABLE_MODULES = YES;
				CLANG_ENABLE_OBJC_ARC = YES;
				CLANG_WARN_BLOCK_CAPTURE_AUTORELEASING = YES;
				CLANG_WARN_BOOL_CONVERSION = YES;
				CLANG_WARN_COMMA = YES;
				CLANG_WARN_CONSTANT_CONVERSION = YES;
				CLANG_WARN_DEPRECATED_OBJC_IMPLEMENTATIONS = YES;
				CLANG_WARN_DIRECT_OBJC_ISA_USAGE = YES_ERROR;
				CLANG_WARN_DOCUMENTATION_COMMENTS = YES;
				CLANG_WARN_EMPTY_BODY = YES;
				CLANG_WARN_ENUM_CONVERSION = YES;
				CLANG_WARN_INFINITE_RECURSION = YES;
				CLANG_WARN_INT_CONVERSION = YES;
				CLANG_WARN_NON_LITERAL_NULL_CONVERSION = YES;
				CLANG_WARN_OBJC_IMPLICIT_RETAIN_SELF = YES;
				CLANG_WARN_OBJC_LITERAL_CONVERSION = YES;
				CLANG_WARN_OBJC_ROOT_CLASS = YES_ERROR;
				CLANG_WARN_RANGE_LOOP_ANALYSIS = YES;
				CLANG_WARN_STRICT_PROTOTYPES = YES;
				CLANG_WARN_SUSPICIOUS_MOVE = YES;
				CLANG_WARN_UNREACHABLE_CODE = YES;
				CLANG_WARN__DUPLICATE_METHOD_MATCH = YES;
				"CODE_SIGN_IDENTITY[sdk=iphoneos*]" = "iPhone Developer";
				COPY_PHASE_STRIP = NO;
				DEBUG_INFORMATION_FORMAT = "dwarf-with-dsym";
				ENABLE_NS_ASSERTIONS = NO;
				ENABLE_STRICT_OBJC_MSGSEND = YES;
				GCC_C_LANGUAGE_STANDARD = gnu99;
				GCC_NO_COMMON_BLOCKS = YES;
				GCC_WARN_64_TO_32_BIT_CONVERSION = YES;
				GCC_WARN_ABOUT_RETURN_TYPE = YES_ERROR;
				GCC_WARN_UNDECLARED_SELECTOR = YES;
				GCC_WARN_UNINITIALIZED_AUTOS = YES_AGGRESSIVE;
				GCC_WARN_UNUSED_FUNCTION = YES;
				GCC_WARN_UNUSED_VARIABLE = YES;
				IPHONEOS_DEPLOYMENT_TARGET = 10.3;
				MTL_ENABLE_DEBUG_INFO = NO;
				SDKROOT = iphoneos;
				SWIFT_OPTIMIZATION_LEVEL = "-Owholemodule";
				VALIDATE_PRODUCT = YES;
			};
			name = Release;
		};
		178385321F5837E100D16729 /* Debug */ = {
			isa = XCBuildConfiguration;
			buildSettings = {
				ASSETCATALOG_COMPILER_APPICON_NAME = AppIcon;
				DEVELOPMENT_TEAM = 63Y3TYQDLZ;
				INFOPLIST_FILE = Dumble/Info.plist;
				LD_RUNPATH_SEARCH_PATHS = "$(inherited) @executable_path/Frameworks";
				PRODUCT_BUNDLE_IDENTIFIER = com.floso.Dumble;
				PRODUCT_NAME = "$(TARGET_NAME)";
				SWIFT_SWIFT3_OBJC_INFERENCE = On;
				SWIFT_VERSION = 4.0;
			};
			name = Debug;
		};
		178385331F5837E100D16729 /* Release */ = {
			isa = XCBuildConfiguration;
			buildSettings = {
				ASSETCATALOG_COMPILER_APPICON_NAME = AppIcon;
				DEVELOPMENT_TEAM = 63Y3TYQDLZ;
				INFOPLIST_FILE = Dumble/Info.plist;
				LD_RUNPATH_SEARCH_PATHS = "$(inherited) @executable_path/Frameworks";
				PRODUCT_BUNDLE_IDENTIFIER = com.floso.Dumble;
				PRODUCT_NAME = "$(TARGET_NAME)";
				SWIFT_SWIFT3_OBJC_INFERENCE = On;
				SWIFT_VERSION = 4.0;
			};
			name = Release;
		};
		178385351F5837E100D16729 /* Debug */ = {
			isa = XCBuildConfiguration;
			buildSettings = {
				ALWAYS_EMBED_SWIFT_STANDARD_LIBRARIES = YES;
				BUNDLE_LOADER = "$(TEST_HOST)";
				DEVELOPMENT_TEAM = 63Y3TYQDLZ;
				INFOPLIST_FILE = DumbleTests/Info.plist;
				LD_RUNPATH_SEARCH_PATHS = "$(inherited) @executable_path/Frameworks @loader_path/Frameworks";
				PRODUCT_BUNDLE_IDENTIFIER = com.floso.DumbleTests;
				PRODUCT_NAME = "$(TARGET_NAME)";
				SWIFT_SWIFT3_OBJC_INFERENCE = On;
				SWIFT_VERSION = 4.0;
				TEST_HOST = "$(BUILT_PRODUCTS_DIR)/Dumble.app/Dumble";
			};
			name = Debug;
		};
		178385361F5837E100D16729 /* Release */ = {
			isa = XCBuildConfiguration;
			buildSettings = {
				ALWAYS_EMBED_SWIFT_STANDARD_LIBRARIES = YES;
				BUNDLE_LOADER = "$(TEST_HOST)";
				DEVELOPMENT_TEAM = 63Y3TYQDLZ;
				INFOPLIST_FILE = DumbleTests/Info.plist;
				LD_RUNPATH_SEARCH_PATHS = "$(inherited) @executable_path/Frameworks @loader_path/Frameworks";
				PRODUCT_BUNDLE_IDENTIFIER = com.floso.DumbleTests;
				PRODUCT_NAME = "$(TARGET_NAME)";
				SWIFT_SWIFT3_OBJC_INFERENCE = On;
				SWIFT_VERSION = 4.0;
				TEST_HOST = "$(BUILT_PRODUCTS_DIR)/Dumble.app/Dumble";
			};
			name = Release;
		};
		178385381F5837E100D16729 /* Debug */ = {
			isa = XCBuildConfiguration;
			buildSettings = {
				ALWAYS_EMBED_SWIFT_STANDARD_LIBRARIES = YES;
				DEVELOPMENT_TEAM = 63Y3TYQDLZ;
				INFOPLIST_FILE = DumbleUITests/Info.plist;
				LD_RUNPATH_SEARCH_PATHS = "$(inherited) @executable_path/Frameworks @loader_path/Frameworks";
				PRODUCT_BUNDLE_IDENTIFIER = com.floso.DumbleUITests;
				PRODUCT_NAME = "$(TARGET_NAME)";
				SWIFT_SWIFT3_OBJC_INFERENCE = On;
				SWIFT_VERSION = 4.0;
				TEST_TARGET_NAME = Dumble;
			};
			name = Debug;
		};
		178385391F5837E100D16729 /* Release */ = {
			isa = XCBuildConfiguration;
			buildSettings = {
				ALWAYS_EMBED_SWIFT_STANDARD_LIBRARIES = YES;
				DEVELOPMENT_TEAM = 63Y3TYQDLZ;
				INFOPLIST_FILE = DumbleUITests/Info.plist;
				LD_RUNPATH_SEARCH_PATHS = "$(inherited) @executable_path/Frameworks @loader_path/Frameworks";
				PRODUCT_BUNDLE_IDENTIFIER = com.floso.DumbleUITests;
				PRODUCT_NAME = "$(TARGET_NAME)";
				SWIFT_SWIFT3_OBJC_INFERENCE = On;
				SWIFT_VERSION = 4.0;
				TEST_TARGET_NAME = Dumble;
			};
			name = Release;
		};
/* End XCBuildConfiguration section */

/* Begin XCConfigurationList section */
		178384FE1F5837E000D16729 /* Build configuration list for PBXProject "Dumble" */ = {
			isa = XCConfigurationList;
			buildConfigurations = (
				1783852F1F5837E100D16729 /* Debug */,
				178385301F5837E100D16729 /* Release */,
			);
			defaultConfigurationIsVisible = 0;
			defaultConfigurationName = Release;
		};
		178385311F5837E100D16729 /* Build configuration list for PBXNativeTarget "Dumble" */ = {
			isa = XCConfigurationList;
			buildConfigurations = (
				178385321F5837E100D16729 /* Debug */,
				178385331F5837E100D16729 /* Release */,
			);
			defaultConfigurationIsVisible = 0;
			defaultConfigurationName = Release;
		};
		178385341F5837E100D16729 /* Build configuration list for PBXNativeTarget "DumbleTests" */ = {
			isa = XCConfigurationList;
			buildConfigurations = (
				178385351F5837E100D16729 /* Debug */,
				178385361F5837E100D16729 /* Release */,
			);
			defaultConfigurationIsVisible = 0;
			defaultConfigurationName = Release;
		};
		178385371F5837E100D16729 /* Build configuration list for PBXNativeTarget "DumbleUITests" */ = {
			isa = XCConfigurationList;
			buildConfigurations = (
				178385381F5837E100D16729 /* Debug */,
				178385391F5837E100D16729 /* Release */,
			);
			defaultConfigurationIsVisible = 0;
			defaultConfigurationName = Release;
		};
/* End XCConfigurationList section */
	};
	rootObject = 178384FB1F5837E000D16729 /* Project object */;
}
